{
  "name": "torr",
  "lockfileVersion": 2,
  "requires": true,
  "packages": {
    "": {
      "dependencies": {
        "bittorrent-tracker": "^11.0.2",
        "docker-compose": "^0.24.8",
        "dotenv": "^16.4.5",
        "transmission": "^0.4.10"
      },
      "devDependencies": {
        "@types/node": "^20.12.7",
        "typescript": "^5.4.5"
      }
    },
    "node_modules/@thaunknown/simple-peer": {
      "version": "9.12.1",
      "resolved": "https://registry.npmjs.org/@thaunknown/simple-peer/-/simple-peer-9.12.1.tgz",
      "integrity": "sha512-IS5BXvXx7cvBAzaxqotJf4s4rJCPk5JABLK6Gbnn7oAmWVcH4hYABabBBrvvJtv/xyUqR4v/H3LalnGRJJfEog==",
      "dependencies": {
        "debug": "^4.3.2",
        "err-code": "^3.0.1",
        "get-browser-rtc": "^1.1.0",
        "queue-microtask": "^1.2.3",
        "streamx": "^2.13.2",
        "uint8-util": "^2.1.9"
      }
    },
    "node_modules/@thaunknown/simple-websocket": {
      "version": "9.1.1",
      "resolved": "https://registry.npmjs.org/@thaunknown/simple-websocket/-/simple-websocket-9.1.1.tgz",
      "integrity": "sha512-vzQloFWRodRZqZhpxMpBljFtISesY8TihA8T5uKwCYdj2I1ImMhE/gAeTCPsCGOtxJfGKu3hw/is6MXauWLjOg==",
      "dependencies": {
        "debug": "^4.3.4",
        "queue-microtask": "^1.2.3",
        "streamx": "^2.13.2",
        "uint8-util": "^2.1.9",
        "ws": "^8.12.0"
      }
    },
    "node_modules/@types/node": {
      "version": "20.12.7",
      "resolved": "https://registry.npmjs.org/@types/node/-/node-20.12.7.tgz",
      "integrity": "sha512-wq0cICSkRLVaf3UGLMGItu/PtdY7oaXaI/RVU+xliKVOtRna3PRY57ZDfztpDL0n11vfymMUnXv8QwYCO7L1wg==",
      "dev": true,
      "dependencies": {
        "undici-types": "~5.26.4"
      }
    },
    "node_modules/abort-controller": {
      "version": "3.0.0",
      "resolved": "https://registry.npmjs.org/abort-controller/-/abort-controller-3.0.0.tgz",
      "integrity": "sha512-h8lQ8tacZYnR3vNQTgibj+tODHI5/+l06Au2Pcriv/Gmet0eaj4TwWH41sO9wnHDiQsEj19q0drzdWdeAHtweg==",
      "dependencies": {
        "event-target-shim": "^5.0.0"
      },
      "engines": {
        "node": ">=6.5"
      }
    },
    "node_modules/addr-to-ip-port": {
      "version": "2.0.0",
      "resolved": "https://registry.npmjs.org/addr-to-ip-port/-/addr-to-ip-port-2.0.0.tgz",
      "integrity": "sha512-9bYbtjamtdLHZSqVIUXhilOryNPiL+x+Q5J/Unpg4VY3ZIkK3fT52UoErj1NdUeVm3J1t2iBEAur4Ywbl/bahw==",
      "engines": {
        "node": ">=12.20.0"
      }
    },
    "node_modules/async": {
      "version": "2.6.4",
      "resolved": "https://registry.npmjs.org/async/-/async-2.6.4.tgz",
      "integrity": "sha512-mzo5dfJYwAn29PeiJ0zvwTo04zj8HDJj0Mn8TD7sno7q12prdbnasKJHhkm2c1LgrhlJ0teaea8860oxi51mGA==",
      "dependencies": {
        "lodash": "^4.17.14"
      }
    },
    "node_modules/bare-events": {
      "version": "2.2.2",
      "resolved": "https://registry.npmjs.org/bare-events/-/bare-events-2.2.2.tgz",
      "integrity": "sha512-h7z00dWdG0PYOQEvChhOSWvOfkIKsdZGkWr083FgN/HyoQuebSew/cgirYqh9SCuy/hRvxc5Vy6Fw8xAmYHLkQ==",
      "optional": true
    },
    "node_modules/base64-arraybuffer": {
      "version": "1.0.2",
      "resolved": "https://registry.npmjs.org/base64-arraybuffer/-/base64-arraybuffer-1.0.2.tgz",
      "integrity": "sha512-I3yl4r9QB5ZRY3XuJVEPfc2XhZO6YweFPI+UovAzn+8/hb3oJ6lnysaFcjVpkCPfVWFUDvoZ8kmVDP7WyRtYtQ==",
      "engines": {
        "node": ">= 0.6.0"
      }
    },
    "node_modules/bencode": {
      "version": "4.0.0",
      "resolved": "https://registry.npmjs.org/bencode/-/bencode-4.0.0.tgz",
      "integrity": "sha512-AERXw18df0pF3ziGOCyUjqKZBVNH8HV3lBxnx5w0qtgMIk4a1wb9BkcCQbkp9Zstfrn/dzRwl7MmUHHocX3sRQ==",
      "dependencies": {
        "uint8-util": "^2.2.2"
      },
      "engines": {
        "node": ">=12.20.0"
      }
    },
    "node_modules/bittorrent-peerid": {
      "version": "1.3.6",
      "resolved": "https://registry.npmjs.org/bittorrent-peerid/-/bittorrent-peerid-1.3.6.tgz",
      "integrity": "sha512-VyLcUjVMEOdSpHaCG/7odvCdLbAB1y3l9A2V6WIje24uV7FkJPrQrH/RrlFmKxP89pFVDEnE+YlHaFujlFIZsg==",
      "funding": [
        {
          "type": "github",
          "url": "https://github.com/sponsors/feross"
        },
        {
          "type": "patreon",
          "url": "https://www.patreon.com/feross"
        },
        {
          "type": "consulting",
          "url": "https://feross.org/support"
        }
      ]
    },
    "node_modules/bittorrent-tracker": {
      "version": "11.0.2",
      "resolved": "https://registry.npmjs.org/bittorrent-tracker/-/bittorrent-tracker-11.0.2.tgz",
      "integrity": "sha512-MUv1zqWd1OZKPkgncj9JkpumhtF2Q+xeHptz8rJz+APK5/ZIAOIiHyLqDmoDL06JMa1iHPmeOlJG8I5Hi1UIbw==",
      "funding": [
        {
          "type": "github",
          "url": "https://github.com/sponsors/feross"
        },
        {
          "type": "patreon",
          "url": "https://www.patreon.com/feross"
        },
        {
          "type": "consulting",
          "url": "https://feross.org/support"
        }
      ],
      "dependencies": {
        "@thaunknown/simple-peer": "^9.12.1",
        "@thaunknown/simple-websocket": "^9.1.0",
        "bencode": "^4.0.0",
        "bittorrent-peerid": "^1.3.3",
        "chrome-dgram": "^3.0.6",
        "clone": "^2.0.0",
        "compact2string": "^1.4.1",
        "cross-fetch-ponyfill": "^1.0.1",
        "debug": "^4.1.1",
        "ip": "^1.1.5",
        "lru": "^3.1.0",
        "minimist": "^1.2.5",
        "once": "^1.4.0",
        "queue-microtask": "^1.2.3",
        "random-iterate": "^1.0.1",
        "run-parallel": "^1.2.0",
        "run-series": "^1.1.9",
        "socks": "^2.0.0",
        "string2compact": "^2.0.0",
        "uint8-util": "^2.1.9",
        "unordered-array-remove": "^1.0.2",
        "ws": "^8.0.0"
      },
      "bin": {
        "bittorrent-tracker": "bin/cmd.js"
      },
      "engines": {
        "node": ">=12.20.0"
      },
      "optionalDependencies": {
        "bufferutil": "^4.0.3",
        "utf-8-validate": "^5.0.5"
      }
    },
    "node_modules/bufferutil": {
      "version": "4.0.8",
      "resolved": "https://registry.npmjs.org/bufferutil/-/bufferutil-4.0.8.tgz",
      "integrity": "sha512-4T53u4PdgsXqKaIctwF8ifXlRTTmEPJ8iEPWFdGZvcf7sbwYo6FKFEX9eNNAnzFZ7EzJAQ3CJeOtCRA4rDp7Pw==",
      "hasInstallScript": true,
      "optional": true,
      "dependencies": {
        "node-gyp-build": "^4.3.0"
      },
      "engines": {
        "node": ">=6.14.2"
      }
    },
    "node_modules/chrome-dgram": {
      "version": "3.0.6",
      "resolved": "https://registry.npmjs.org/chrome-dgram/-/chrome-dgram-3.0.6.tgz",
      "integrity": "sha512-bqBsUuaOiXiqxXt/zA/jukNJJ4oaOtc7ciwqJpZVEaaXwwxqgI2/ZdG02vXYWUhHGziDlvGMQWk0qObgJwVYKA==",
      "funding": [
        {
          "type": "github",
          "url": "https://github.com/sponsors/feross"
        },
        {
          "type": "patreon",
          "url": "https://www.patreon.com/feross"
        },
        {
          "type": "consulting",
          "url": "https://feross.org/support"
        }
      ],
      "dependencies": {
        "inherits": "^2.0.4",
        "run-series": "^1.1.9"
      }
    },
    "node_modules/clone": {
      "version": "2.1.2",
      "resolved": "https://registry.npmjs.org/clone/-/clone-2.1.2.tgz",
      "integrity": "sha512-3Pe/CF1Nn94hyhIYpjtiLhdCoEoz0DqQ+988E9gmeEdQZlojxnOb74wctFyuwWQHzqyf9X7C7MG8juUpqBJT8w==",
      "engines": {
        "node": ">=0.8"
      }
    },
    "node_modules/compact2string": {
      "version": "1.4.1",
      "resolved": "https://registry.npmjs.org/compact2string/-/compact2string-1.4.1.tgz",
      "integrity": "sha512-3D+EY5nsRhqnOwDxveBv5T8wGo4DEvYxjDtPGmdOX+gfr5gE92c2RC0w2wa+xEefm07QuVqqcF3nZJUZ92l/og==",
      "dependencies": {
        "ipaddr.js": ">= 0.1.5"
      }
    },
    "node_modules/cross-fetch-ponyfill": {
      "version": "1.0.3",
      "resolved": "https://registry.npmjs.org/cross-fetch-ponyfill/-/cross-fetch-ponyfill-1.0.3.tgz",
      "integrity": "sha512-uOBkDhUAGAbx/FEzNKkOfx3w57H8xReBBXoZvUnOKTI0FW0Xvrj3GrYv2iZXUqlffC1LMGfQzhmBM/ke+6eTDA==",
      "dependencies": {
        "abort-controller": "^3.0.0",
        "node-fetch": "^3.3.0"
      }
    },
    "node_modules/data-uri-to-buffer": {
      "version": "4.0.1",
      "resolved": "https://registry.npmjs.org/data-uri-to-buffer/-/data-uri-to-buffer-4.0.1.tgz",
      "integrity": "sha512-0R9ikRb668HB7QDxT1vkpuUBtqc53YyAwMwGeUFKRojY/NWKvdZ+9UYtRfGmhqNbRkTSVpMbmyhXipFFv2cb/A==",
      "engines": {
        "node": ">= 12"
      }
    },
    "node_modules/debug": {
      "version": "4.3.4",
      "resolved": "https://registry.npmjs.org/debug/-/debug-4.3.4.tgz",
      "integrity": "sha512-PRWFHuSU3eDtQJPvnNY7Jcket1j0t5OuOsFzPPzsekD52Zl8qUfFIPEiswXqIvHWGVHOgX+7G/vCNNhehwxfkQ==",
      "dependencies": {
        "ms": "2.1.2"
      },
      "engines": {
        "node": ">=6.0"
      },
      "peerDependenciesMeta": {
        "supports-color": {
          "optional": true
        }
      }
    },
    "node_modules/docker-compose": {
      "version": "0.24.8",
      "resolved": "https://registry.npmjs.org/docker-compose/-/docker-compose-0.24.8.tgz",
      "integrity": "sha512-plizRs/Vf15H+GCVxq2EUvyPK7ei9b/cVesHvjnX4xaXjM9spHe2Ytq0BitndFgvTJ3E3NljPNUEl7BAN43iZw==",
      "dependencies": {
        "yaml": "^2.2.2"
      },
      "engines": {
        "node": ">= 6.0.0"
      }
    },
    "node_modules/dotenv": {
      "version": "16.4.5",
      "resolved": "https://registry.npmjs.org/dotenv/-/dotenv-16.4.5.tgz",
      "integrity": "sha512-ZmdL2rui+eB2YwhsWzjInR8LldtZHGDoQ1ugH85ppHKwpUHL7j7rN0Ti9NCnGiQbhaZ11FpR+7ao1dNsmduNUg==",
      "engines": {
        "node": ">=12"
      },
      "funding": {
        "url": "https://dotenvx.com"
      }
    },
    "node_modules/err-code": {
      "version": "3.0.1",
      "resolved": "https://registry.npmjs.org/err-code/-/err-code-3.0.1.tgz",
      "integrity": "sha512-GiaH0KJUewYok+eeY05IIgjtAe4Yltygk9Wqp1V5yVWLdhf0hYZchRjNIT9bb0mSwRcIusT3cx7PJUf3zEIfUA=="
    },
    "node_modules/event-target-shim": {
      "version": "5.0.1",
      "resolved": "https://registry.npmjs.org/event-target-shim/-/event-target-shim-5.0.1.tgz",
      "integrity": "sha512-i/2XbnSz/uxRCU6+NdVJgKWDTM427+MqYbkQzD321DuCQJUqOuJKIA0IM2+W2xtYHdKOmZ4dR6fExsd4SXL+WQ==",
      "engines": {
        "node": ">=6"
      }
    },
    "node_modules/fast-fifo": {
      "version": "1.3.2",
      "resolved": "https://registry.npmjs.org/fast-fifo/-/fast-fifo-1.3.2.tgz",
      "integrity": "sha512-/d9sfos4yxzpwkDkuN7k2SqFKtYNmCTzgfEpz82x34IM9/zc8KGxQoXg1liNC/izpRM/MBdt44Nmx41ZWqk+FQ=="
    },
    "node_modules/fetch-blob": {
      "version": "3.2.0",
      "resolved": "https://registry.npmjs.org/fetch-blob/-/fetch-blob-3.2.0.tgz",
      "integrity": "sha512-7yAQpD2UMJzLi1Dqv7qFYnPbaPx7ZfFK6PiIxQ4PfkGPyNyl2Ugx+a/umUonmKqjhM4DnfbMvdX6otXq83soQQ==",
      "funding": [
        {
          "type": "github",
          "url": "https://github.com/sponsors/jimmywarting"
        },
        {
          "type": "paypal",
          "url": "https://paypal.me/jimmywarting"
        }
      ],
      "dependencies": {
        "node-domexception": "^1.0.0",
        "web-streams-polyfill": "^3.0.3"
      },
      "engines": {
        "node": "^12.20 || >= 14.13"
      }
    },
    "node_modules/formdata-polyfill": {
      "version": "4.0.10",
      "resolved": "https://registry.npmjs.org/formdata-polyfill/-/formdata-polyfill-4.0.10.tgz",
      "integrity": "sha512-buewHzMvYL29jdeQTVILecSaZKnt/RJWjoZCF5OW60Z67/GmSLBkOFM7qh1PI3zFNtJbaZL5eQu1vLfazOwj4g==",
      "dependencies": {
        "fetch-blob": "^3.1.2"
      },
      "engines": {
        "node": ">=12.20.0"
      }
    },
    "node_modules/get-browser-rtc": {
      "version": "1.1.0",
      "resolved": "https://registry.npmjs.org/get-browser-rtc/-/get-browser-rtc-1.1.0.tgz",
      "integrity": "sha512-MghbMJ61EJrRsDe7w1Bvqt3ZsBuqhce5nrn/XAwgwOXhcsz53/ltdxOse1h/8eKXj5slzxdsz56g5rzOFSGwfQ=="
    },
    "node_modules/inherits": {
      "version": "2.0.4",
      "resolved": "https://registry.npmjs.org/inherits/-/inherits-2.0.4.tgz",
      "integrity": "sha512-k/vGaX4/Yla3WzyMCvTQOXYeIHvqOKtnqBduzTHpzpQZzAskKMhZ2K+EnBiSM9zGSoIFeMpXKxa4dYeZIQqewQ=="
    },
    "node_modules/ip": {
      "version": "1.1.9",
      "resolved": "https://registry.npmjs.org/ip/-/ip-1.1.9.tgz",
      "integrity": "sha512-cyRxvOEpNHNtchU3Ln9KC/auJgup87llfQpQ+t5ghoC/UhL16SWzbueiCsdTnWmqAWl7LadfuwhlqmtOaqMHdQ=="
    },
    "node_modules/ip-address": {
      "version": "9.0.5",
      "resolved": "https://registry.npmjs.org/ip-address/-/ip-address-9.0.5.tgz",
      "integrity": "sha512-zHtQzGojZXTwZTHQqra+ETKd4Sn3vgi7uBmlPoXVWZqYvuKmtI0l/VZTjqGmJY9x88GGOaZ9+G9ES8hC4T4X8g==",
      "dependencies": {
        "jsbn": "1.1.0",
        "sprintf-js": "^1.1.3"
      },
      "engines": {
        "node": ">= 12"
      }
    },
    "node_modules/ipaddr.js": {
      "version": "2.2.0",
      "resolved": "https://registry.npmjs.org/ipaddr.js/-/ipaddr.js-2.2.0.tgz",
      "integrity": "sha512-Ag3wB2o37wslZS19hZqorUnrnzSkpOVy+IiiDEiTqNubEYpYuHWIf6K4psgN2ZWKExS4xhVCrRVfb/wfW8fWJA==",
      "engines": {
        "node": ">= 10"
      }
    },
    "node_modules/jsbn": {
      "version": "1.1.0",
      "resolved": "https://registry.npmjs.org/jsbn/-/jsbn-1.1.0.tgz",
      "integrity": "sha512-4bYVV3aAMtDTTu4+xsDYa6sy9GyJ69/amsu9sYF2zqjiEoZA5xJi3BrfX3uY+/IekIu7MwdObdbDWpoZdBv3/A=="
    },
    "node_modules/lodash": {
      "version": "4.17.21",
      "resolved": "https://registry.npmjs.org/lodash/-/lodash-4.17.21.tgz",
      "integrity": "sha512-v2kDEe57lecTulaDIuNTPy3Ry4gLGJ6Z1O3vE1krgXZNrsQ+LFTGHVxVjcXPs17LhbZVGedAJv8XZ1tvj5FvSg=="
    },
    "node_modules/lru": {
      "version": "3.1.0",
      "resolved": "https://registry.npmjs.org/lru/-/lru-3.1.0.tgz",
      "integrity": "sha512-5OUtoiVIGU4VXBOshidmtOsvBIvcQR6FD/RzWSvaeHyxCGB+PCUCu+52lqMfdc0h/2CLvHhZS4TwUmMQrrMbBQ==",
      "dependencies": {
        "inherits": "^2.0.1"
      },
      "engines": {
        "node": ">= 0.4.0"
      }
    },
    "node_modules/minimist": {
      "version": "1.2.8",
      "resolved": "https://registry.npmjs.org/minimist/-/minimist-1.2.8.tgz",
      "integrity": "sha512-2yyAR8qBkN3YuheJanUpWC5U3bb5osDywNB8RzDVlDwDHbocAJveqqj1u8+SVD7jkWT4yvsHCpWqqWqAxb0zCA==",
      "funding": {
        "url": "https://github.com/sponsors/ljharb"
      }
    },
    "node_modules/ms": {
      "version": "2.1.2",
      "resolved": "https://registry.npmjs.org/ms/-/ms-2.1.2.tgz",
      "integrity": "sha512-sGkPx+VjMtmA6MX27oA4FBFELFCZZ4S4XqeGOXCv68tT+jb3vk/RyaKWP0PTKyWtmLSM0b+adUTEvbs1PEaH2w=="
    },
    "node_modules/node-domexception": {
      "version": "1.0.0",
      "resolved": "https://registry.npmjs.org/node-domexception/-/node-domexception-1.0.0.tgz",
      "integrity": "sha512-/jKZoMpw0F8GRwl4/eLROPA3cfcXtLApP0QzLmUT/HuPCZWyB7IY9ZrMeKw2O/nFIqPQB3PVM9aYm0F312AXDQ==",
      "funding": [
        {
          "type": "github",
          "url": "https://github.com/sponsors/jimmywarting"
        },
        {
          "type": "github",
          "url": "https://paypal.me/jimmywarting"
        }
      ],
      "engines": {
        "node": ">=10.5.0"
      }
    },
    "node_modules/node-fetch": {
      "version": "3.3.2",
      "resolved": "https://registry.npmjs.org/node-fetch/-/node-fetch-3.3.2.tgz",
      "integrity": "sha512-dRB78srN/l6gqWulah9SrxeYnxeddIG30+GOqK/9OlLVyLg3HPnr6SqOWTWOXKRwC2eGYCkZ59NNuSgvSrpgOA==",
      "dependencies": {
        "data-uri-to-buffer": "^4.0.0",
        "fetch-blob": "^3.1.4",
        "formdata-polyfill": "^4.0.10"
      },
      "engines": {
        "node": "^12.20.0 || ^14.13.1 || >=16.0.0"
      },
      "funding": {
        "type": "opencollective",
        "url": "https://opencollective.com/node-fetch"
      }
    },
    "node_modules/node-gyp-build": {
      "version": "4.8.1",
      "resolved": "https://registry.npmjs.org/node-gyp-build/-/node-gyp-build-4.8.1.tgz",
      "integrity": "sha512-OSs33Z9yWr148JZcbZd5WiAXhh/n9z8TxQcdMhIOlpN9AhWpLfvVFO73+m77bBABQMaY9XSvIa+qk0jlI7Gcaw==",
      "optional": true,
      "bin": {
        "node-gyp-build": "bin.js",
        "node-gyp-build-optional": "optional.js",
        "node-gyp-build-test": "build-test.js"
      }
    },
    "node_modules/once": {
      "version": "1.4.0",
      "resolved": "https://registry.npmjs.org/once/-/once-1.4.0.tgz",
      "integrity": "sha512-lNaJgI+2Q5URQBkccEKHTQOPaXdUxnZZElQTZY0MFUAuaEqe1E+Nyvgdz/aIyNi6Z9MzO5dv1H8n58/GELp3+w==",
      "dependencies": {
        "wrappy": "1"
      }
    },
    "node_modules/queue-microtask": {
      "version": "1.2.3",
      "resolved": "https://registry.npmjs.org/queue-microtask/-/queue-microtask-1.2.3.tgz",
      "integrity": "sha512-NuaNSa6flKT5JaSYQzJok04JzTL1CA6aGhv5rfLW3PgqA+M2ChpZQnAC8h8i4ZFkBS8X5RqkDBHA7r4hej3K9A==",
      "funding": [
        {
          "type": "github",
          "url": "https://github.com/sponsors/feross"
        },
        {
          "type": "patreon",
          "url": "https://www.patreon.com/feross"
        },
        {
          "type": "consulting",
          "url": "https://feross.org/support"
        }
      ]
    },
    "node_modules/queue-tick": {
      "version": "1.0.1",
      "resolved": "https://registry.npmjs.org/queue-tick/-/queue-tick-1.0.1.tgz",
      "integrity": "sha512-kJt5qhMxoszgU/62PLP1CJytzd2NKetjSRnyuj31fDd3Rlcz3fzlFdFLD1SItunPwyqEOkca6GbV612BWfaBag=="
    },
    "node_modules/random-iterate": {
      "version": "1.0.1",
      "resolved": "https://registry.npmjs.org/random-iterate/-/random-iterate-1.0.1.tgz",
      "integrity": "sha512-Jdsdnezu913Ot8qgKgSgs63XkAjEsnMcS1z+cC6D6TNXsUXsMxy0RpclF2pzGZTEiTXL9BiArdGTEexcv4nqcA=="
    },
    "node_modules/run-parallel": {
      "version": "1.2.0",
      "resolved": "https://registry.npmjs.org/run-parallel/-/run-parallel-1.2.0.tgz",
      "integrity": "sha512-5l4VyZR86LZ/lDxZTR6jqL8AFE2S0IFLMP26AbjsLVADxHdhB/c0GUsH+y39UfCi3dzz8OlQuPmnaJOMoDHQBA==",
      "funding": [
        {
          "type": "github",
          "url": "https://github.com/sponsors/feross"
        },
        {
          "type": "patreon",
          "url": "https://www.patreon.com/feross"
        },
        {
          "type": "consulting",
          "url": "https://feross.org/support"
        }
      ],
      "dependencies": {
        "queue-microtask": "^1.2.2"
      }
    },
    "node_modules/run-series": {
      "version": "1.1.9",
      "resolved": "https://registry.npmjs.org/run-series/-/run-series-1.1.9.tgz",
      "integrity": "sha512-Arc4hUN896vjkqCYrUXquBFtRZdv1PfLbTYP71efP6butxyQ0kWpiNJyAgsxscmQg1cqvHY32/UCBzXedTpU2g==",
      "funding": [
        {
          "type": "github",
          "url": "https://github.com/sponsors/feross"
        },
        {
          "type": "patreon",
          "url": "https://www.patreon.com/feross"
        },
        {
          "type": "consulting",
          "url": "https://feross.org/support"
        }
      ]
    },
    "node_modules/smart-buffer": {
      "version": "4.2.0",
      "resolved": "https://registry.npmjs.org/smart-buffer/-/smart-buffer-4.2.0.tgz",
      "integrity": "sha512-94hK0Hh8rPqQl2xXc3HsaBoOXKV20MToPkcXvwbISWLEs+64sBq5kFgn2kJDHb1Pry9yrP0dxrCI9RRci7RXKg==",
      "engines": {
        "node": ">= 6.0.0",
        "npm": ">= 3.0.0"
      }
    },
    "node_modules/socks": {
      "version": "2.8.3",
      "resolved": "https://registry.npmjs.org/socks/-/socks-2.8.3.tgz",
      "integrity": "sha512-l5x7VUUWbjVFbafGLxPWkYsHIhEvmF85tbIeFZWc8ZPtoMyybuEhL7Jye/ooC4/d48FgOjSJXgsF/AJPYCW8Zw==",
      "dependencies": {
        "ip-address": "^9.0.5",
        "smart-buffer": "^4.2.0"
      },
      "engines": {
        "node": ">= 10.0.0",
        "npm": ">= 3.0.0"
      }
    },
    "node_modules/sprintf-js": {
      "version": "1.1.3",
      "resolved": "https://registry.npmjs.org/sprintf-js/-/sprintf-js-1.1.3.tgz",
      "integrity": "sha512-Oo+0REFV59/rz3gfJNKQiBlwfHaSESl1pcGyABQsnnIfWOFt6JNj5gCog2U6MLZ//IGYD+nA8nI+mTShREReaA=="
    },
    "node_modules/streamx": {
      "version": "2.16.1",
      "resolved": "https://registry.npmjs.org/streamx/-/streamx-2.16.1.tgz",
      "integrity": "sha512-m9QYj6WygWyWa3H1YY69amr4nVgy61xfjys7xO7kviL5rfIEc2naf+ewFiOA+aEJD7y0JO3h2GoiUv4TDwEGzQ==",
      "dependencies": {
        "fast-fifo": "^1.1.0",
        "queue-tick": "^1.0.1"
      },
      "optionalDependencies": {
        "bare-events": "^2.2.0"
      }
    },
    "node_modules/string2compact": {
      "version": "2.0.1",
      "resolved": "https://registry.npmjs.org/string2compact/-/string2compact-2.0.1.tgz",
      "integrity": "sha512-Bm/T8lHMTRXw+u83LE+OW7fXmC/wM+Mbccfdo533ajSBNxddDHlRrvxE49NdciGHgXkUQM5WYskJ7uTkbBUI0A==",
      "dependencies": {
        "addr-to-ip-port": "^2.0.0",
        "ipaddr.js": "^2.0.0"
      },
      "engines": {
        "node": ">=12.20.0"
      }
    },
    "node_modules/transmission": {
      "version": "0.4.10",
      "resolved": "https://registry.npmjs.org/transmission/-/transmission-0.4.10.tgz",
      "integrity": "sha512-GXss/sNTuHqgvy7TTE3soF8wuS8BzqZO3HV3mc61tg7vVT5u5Gr5kja82QF23GfGeZjdzFUeJGwJrEHU1DWq8Q==",
      "dependencies": {
        "async": "^2.1.4",
        "yargs": "^1.3.3"
      },
      "bin": {
        "node-transmission": "bin/node-transmission"
      }
    },
    "node_modules/typescript": {
      "version": "5.4.5",
      "resolved": "https://registry.npmjs.org/typescript/-/typescript-5.4.5.tgz",
      "integrity": "sha512-vcI4UpRgg81oIRUFwR0WSIHKt11nJ7SAVlYNIu+QpqeyXP+gpQJy/Z4+F0aGxSE4MqwjyXvW/TzgkLAx2AGHwQ==",
      "dev": true,
      "bin": {
        "tsc": "bin/tsc",
        "tsserver": "bin/tsserver"
      },
      "engines": {
        "node": ">=14.17"
      }
    },
    "node_modules/uint8-util": {
      "version": "2.2.4",
      "resolved": "https://registry.npmjs.org/uint8-util/-/uint8-util-2.2.4.tgz",
      "integrity": "sha512-uEI5lLozmKQPYEevfEhP9LY3Je5ZmrQhaWXrzTVqrLNQl36xsRh8NiAxYwB9J+2BAt99TRbmCkROQB2ZKhx4UA==",
      "dependencies": {
        "base64-arraybuffer": "^1.0.2"
      }
    },
    "node_modules/undici-types": {
      "version": "5.26.5",
      "resolved": "https://registry.npmjs.org/undici-types/-/undici-types-5.26.5.tgz",
      "integrity": "sha512-JlCMO+ehdEIKqlFxk6IfVoAUVmgz7cU7zD/h9XZ0qzeosSHmUJVOzSQvvYSYWXkFXC+IfLKSIffhv0sVZup6pA==",
      "dev": true
    },
    "node_modules/unordered-array-remove": {
      "version": "1.0.2",
      "resolved": "https://registry.npmjs.org/unordered-array-remove/-/unordered-array-remove-1.0.2.tgz",
      "integrity": "sha512-45YsfD6svkgaCBNyvD+dFHm4qFX9g3wRSIVgWVPtm2OCnphvPxzJoe20ATsiNpNJrmzHifnxm+BN5F7gFT/4gw=="
    },
    "node_modules/utf-8-validate": {
      "version": "5.0.10",
      "resolved": "https://registry.npmjs.org/utf-8-validate/-/utf-8-validate-5.0.10.tgz",
      "integrity": "sha512-Z6czzLq4u8fPOyx7TU6X3dvUZVvoJmxSQ+IcrlmagKhilxlhZgxPK6C5Jqbkw1IDUmFTM+cz9QDnnLTwDz/2gQ==",
      "hasInstallScript": true,
      "optional": true,
      "dependencies": {
        "node-gyp-build": "^4.3.0"
      },
      "engines": {
        "node": ">=6.14.2"
      }
    },
    "node_modules/web-streams-polyfill": {
      "version": "3.3.3",
      "resolved": "https://registry.npmjs.org/web-streams-polyfill/-/web-streams-polyfill-3.3.3.tgz",
      "integrity": "sha512-d2JWLCivmZYTSIoge9MsgFCZrt571BikcWGYkjC1khllbTeDlGqZ2D8vD8E/lJa8WGWbb7Plm8/XJYV7IJHZZw==",
      "engines": {
        "node": ">= 8"
      }
    },
    "node_modules/wrappy": {
      "version": "1.0.2",
      "resolved": "https://registry.npmjs.org/wrappy/-/wrappy-1.0.2.tgz",
      "integrity": "sha512-l4Sp/DRseor9wL6EvV2+TuQn63dMkPjZ/sp9XkghTEbV9KlPS1xUsZ3u7/IQO4wxtcFB4bgpQPRcR3QCvezPcQ=="
    },
    "node_modules/ws": {
      "version": "8.17.0",
      "resolved": "https://registry.npmjs.org/ws/-/ws-8.17.0.tgz",
      "integrity": "sha512-uJq6108EgZMAl20KagGkzCKfMEjxmKvZHG7Tlq0Z6nOky7YF7aq4mOx6xK8TJ/i1LeK4Qus7INktacctDgY8Ow==",
      "engines": {
        "node": ">=10.0.0"
      },
      "peerDependencies": {
        "bufferutil": "^4.0.1",
        "utf-8-validate": ">=5.0.2"
      },
      "peerDependenciesMeta": {
        "bufferutil": {
          "optional": true
        },
        "utf-8-validate": {
          "optional": true
        }
      }
    },
    "node_modules/yaml": {
      "version": "2.4.1",
      "resolved": "https://registry.npmjs.org/yaml/-/yaml-2.4.1.tgz",
      "integrity": "sha512-pIXzoImaqmfOrL7teGUBt/T7ZDnyeGBWyXQBvOVhLkWLN37GXv8NMLK406UY6dS51JfcQHsmcW5cJ441bHg6Lg==",
      "bin": {
        "yaml": "bin.mjs"
      },
      "engines": {
        "node": ">= 14"
      }
    },
    "node_modules/yargs": {
      "version": "1.3.3",
      "resolved": "https://registry.npmjs.org/yargs/-/yargs-1.3.3.tgz",
      "integrity": "sha512-7OGt4xXoWJQh5ulgZ78rKaqY7dNWbjfK+UKxGcIlaM2j7C4fqGchyv8CPvEWdRPrHp6Ula/YU8yGRpYGOHrI+g=="
    }
  },
  "dependencies": {
    "@thaunknown/simple-peer": {
      "version": "9.12.1",
      "resolved": "https://registry.npmjs.org/@thaunknown/simple-peer/-/simple-peer-9.12.1.tgz",
      "integrity": "sha512-IS5BXvXx7cvBAzaxqotJf4s4rJCPk5JABLK6Gbnn7oAmWVcH4hYABabBBrvvJtv/xyUqR4v/H3LalnGRJJfEog==",
      "requires": {
        "debug": "^4.3.2",
        "err-code": "^3.0.1",
        "get-browser-rtc": "^1.1.0",
        "queue-microtask": "^1.2.3",
        "streamx": "^2.13.2",
        "uint8-util": "^2.1.9"
      }
    },
    "@thaunknown/simple-websocket": {
      "version": "9.1.1",
      "resolved": "https://registry.npmjs.org/@thaunknown/simple-websocket/-/simple-websocket-9.1.1.tgz",
      "integrity": "sha512-vzQloFWRodRZqZhpxMpBljFtISesY8TihA8T5uKwCYdj2I1ImMhE/gAeTCPsCGOtxJfGKu3hw/is6MXauWLjOg==",
      "requires": {
        "debug": "^4.3.4",
        "queue-microtask": "^1.2.3",
        "streamx": "^2.13.2",
        "uint8-util": "^2.1.9",
        "ws": "^8.12.0"
      }
    },
    "@types/node": {
      "version": "20.12.7",
      "resolved": "https://registry.npmjs.org/@types/node/-/node-20.12.7.tgz",
      "integrity": "sha512-wq0cICSkRLVaf3UGLMGItu/PtdY7oaXaI/RVU+xliKVOtRna3PRY57ZDfztpDL0n11vfymMUnXv8QwYCO7L1wg==",
      "dev": true,
      "requires": {
        "undici-types": "~5.26.4"
      }
    },
    "abort-controller": {
      "version": "3.0.0",
      "resolved": "https://registry.npmjs.org/abort-controller/-/abort-controller-3.0.0.tgz",
      "integrity": "sha512-h8lQ8tacZYnR3vNQTgibj+tODHI5/+l06Au2Pcriv/Gmet0eaj4TwWH41sO9wnHDiQsEj19q0drzdWdeAHtweg==",
      "requires": {
        "event-target-shim": "^5.0.0"
      }
    },
    "addr-to-ip-port": {
      "version": "2.0.0",
      "resolved": "https://registry.npmjs.org/addr-to-ip-port/-/addr-to-ip-port-2.0.0.tgz",
      "integrity": "sha512-9bYbtjamtdLHZSqVIUXhilOryNPiL+x+Q5J/Unpg4VY3ZIkK3fT52UoErj1NdUeVm3J1t2iBEAur4Ywbl/bahw=="
    },
    "async": {
      "version": "2.6.4",
      "resolved": "https://registry.npmjs.org/async/-/async-2.6.4.tgz",
      "integrity": "sha512-mzo5dfJYwAn29PeiJ0zvwTo04zj8HDJj0Mn8TD7sno7q12prdbnasKJHhkm2c1LgrhlJ0teaea8860oxi51mGA==",
      "requires": {
        "lodash": "^4.17.14"
      }
    },
    "bare-events": {
      "version": "2.2.2",
      "resolved": "https://registry.npmjs.org/bare-events/-/bare-events-2.2.2.tgz",
      "integrity": "sha512-h7z00dWdG0PYOQEvChhOSWvOfkIKsdZGkWr083FgN/HyoQuebSew/cgirYqh9SCuy/hRvxc5Vy6Fw8xAmYHLkQ==",
      "optional": true
    },
    "base64-arraybuffer": {
      "version": "1.0.2",
      "resolved": "https://registry.npmjs.org/base64-arraybuffer/-/base64-arraybuffer-1.0.2.tgz",
      "integrity": "sha512-I3yl4r9QB5ZRY3XuJVEPfc2XhZO6YweFPI+UovAzn+8/hb3oJ6lnysaFcjVpkCPfVWFUDvoZ8kmVDP7WyRtYtQ=="
    },
    "bencode": {
      "version": "4.0.0",
      "resolved": "https://registry.npmjs.org/bencode/-/bencode-4.0.0.tgz",
      "integrity": "sha512-AERXw18df0pF3ziGOCyUjqKZBVNH8HV3lBxnx5w0qtgMIk4a1wb9BkcCQbkp9Zstfrn/dzRwl7MmUHHocX3sRQ==",
      "requires": {
        "uint8-util": "^2.2.2"
      }
    },
    "bittorrent-peerid": {
      "version": "1.3.6",
      "resolved": "https://registry.npmjs.org/bittorrent-peerid/-/bittorrent-peerid-1.3.6.tgz",
      "integrity": "sha512-VyLcUjVMEOdSpHaCG/7odvCdLbAB1y3l9A2V6WIje24uV7FkJPrQrH/RrlFmKxP89pFVDEnE+YlHaFujlFIZsg=="
    },
    "bittorrent-tracker": {
      "version": "11.0.2",
      "resolved": "https://registry.npmjs.org/bittorrent-tracker/-/bittorrent-tracker-11.0.2.tgz",
      "integrity": "sha512-MUv1zqWd1OZKPkgncj9JkpumhtF2Q+xeHptz8rJz+APK5/ZIAOIiHyLqDmoDL06JMa1iHPmeOlJG8I5Hi1UIbw==",
      "requires": {
        "@thaunknown/simple-peer": "^9.12.1",
        "@thaunknown/simple-websocket": "^9.1.0",
        "bencode": "^4.0.0",
        "bittorrent-peerid": "^1.3.3",
        "bufferutil": "^4.0.3",
        "chrome-dgram": "^3.0.6",
        "clone": "^2.0.0",
        "compact2string": "^1.4.1",
        "cross-fetch-ponyfill": "^1.0.1",
        "debug": "^4.1.1",
        "ip": "^1.1.5",
        "lru": "^3.1.0",
        "minimist": "^1.2.5",
        "once": "^1.4.0",
        "queue-microtask": "^1.2.3",
        "random-iterate": "^1.0.1",
        "run-parallel": "^1.2.0",
        "run-series": "^1.1.9",
        "socks": "^2.0.0",
        "string2compact": "^2.0.0",
        "uint8-util": "^2.1.9",
        "unordered-array-remove": "^1.0.2",
        "utf-8-validate": "^5.0.5",
        "ws": "^8.0.0"
      }
    },
    "bufferutil": {
      "version": "4.0.8",
      "resolved": "https://registry.npmjs.org/bufferutil/-/bufferutil-4.0.8.tgz",
      "integrity": "sha512-4T53u4PdgsXqKaIctwF8ifXlRTTmEPJ8iEPWFdGZvcf7sbwYo6FKFEX9eNNAnzFZ7EzJAQ3CJeOtCRA4rDp7Pw==",
      "optional": true,
      "requires": {
        "node-gyp-build": "^4.3.0"
      }
    },
    "chrome-dgram": {
      "version": "3.0.6",
      "resolved": "https://registry.npmjs.org/chrome-dgram/-/chrome-dgram-3.0.6.tgz",
      "integrity": "sha512-bqBsUuaOiXiqxXt/zA/jukNJJ4oaOtc7ciwqJpZVEaaXwwxqgI2/ZdG02vXYWUhHGziDlvGMQWk0qObgJwVYKA==",
      "requires": {
        "inherits": "^2.0.4",
        "run-series": "^1.1.9"
      }
    },
    "clone": {
      "version": "2.1.2",
      "resolved": "https://registry.npmjs.org/clone/-/clone-2.1.2.tgz",
      "integrity": "sha512-3Pe/CF1Nn94hyhIYpjtiLhdCoEoz0DqQ+988E9gmeEdQZlojxnOb74wctFyuwWQHzqyf9X7C7MG8juUpqBJT8w=="
    },
    "compact2string": {
      "version": "1.4.1",
      "resolved": "https://registry.npmjs.org/compact2string/-/compact2string-1.4.1.tgz",
      "integrity": "sha512-3D+EY5nsRhqnOwDxveBv5T8wGo4DEvYxjDtPGmdOX+gfr5gE92c2RC0w2wa+xEefm07QuVqqcF3nZJUZ92l/og==",
      "requires": {
        "ipaddr.js": ">= 0.1.5"
      }
    },
    "cross-fetch-ponyfill": {
      "version": "1.0.3",
      "resolved": "https://registry.npmjs.org/cross-fetch-ponyfill/-/cross-fetch-ponyfill-1.0.3.tgz",
      "integrity": "sha512-uOBkDhUAGAbx/FEzNKkOfx3w57H8xReBBXoZvUnOKTI0FW0Xvrj3GrYv2iZXUqlffC1LMGfQzhmBM/ke+6eTDA==",
      "requires": {
        "abort-controller": "^3.0.0",
        "node-fetch": "^3.3.0"
      }
    },
    "data-uri-to-buffer": {
      "version": "4.0.1",
      "resolved": "https://registry.npmjs.org/data-uri-to-buffer/-/data-uri-to-buffer-4.0.1.tgz",
      "integrity": "sha512-0R9ikRb668HB7QDxT1vkpuUBtqc53YyAwMwGeUFKRojY/NWKvdZ+9UYtRfGmhqNbRkTSVpMbmyhXipFFv2cb/A=="
    },
    "debug": {
      "version": "4.3.4",
      "resolved": "https://registry.npmjs.org/debug/-/debug-4.3.4.tgz",
      "integrity": "sha512-PRWFHuSU3eDtQJPvnNY7Jcket1j0t5OuOsFzPPzsekD52Zl8qUfFIPEiswXqIvHWGVHOgX+7G/vCNNhehwxfkQ==",
      "requires": {
        "ms": "2.1.2"
      }
    },
    "docker-compose": {
      "version": "0.24.8",
      "resolved": "https://registry.npmjs.org/docker-compose/-/docker-compose-0.24.8.tgz",
      "integrity": "sha512-plizRs/Vf15H+GCVxq2EUvyPK7ei9b/cVesHvjnX4xaXjM9spHe2Ytq0BitndFgvTJ3E3NljPNUEl7BAN43iZw==",
      "requires": {
        "yaml": "^2.2.2"
      }
    },
    "dotenv": {
      "version": "16.4.5",
      "resolved": "https://registry.npmjs.org/dotenv/-/dotenv-16.4.5.tgz",
      "integrity": "sha512-ZmdL2rui+eB2YwhsWzjInR8LldtZHGDoQ1ugH85ppHKwpUHL7j7rN0Ti9NCnGiQbhaZ11FpR+7ao1dNsmduNUg=="
    },
    "err-code": {
      "version": "3.0.1",
      "resolved": "https://registry.npmjs.org/err-code/-/err-code-3.0.1.tgz",
      "integrity": "sha512-GiaH0KJUewYok+eeY05IIgjtAe4Yltygk9Wqp1V5yVWLdhf0hYZchRjNIT9bb0mSwRcIusT3cx7PJUf3zEIfUA=="
    },
    "event-target-shim": {
      "version": "5.0.1",
      "resolved": "https://registry.npmjs.org/event-target-shim/-/event-target-shim-5.0.1.tgz",
      "integrity": "sha512-i/2XbnSz/uxRCU6+NdVJgKWDTM427+MqYbkQzD321DuCQJUqOuJKIA0IM2+W2xtYHdKOmZ4dR6fExsd4SXL+WQ=="
    },
    "fast-fifo": {
      "version": "1.3.2",
      "resolved": "https://registry.npmjs.org/fast-fifo/-/fast-fifo-1.3.2.tgz",
      "integrity": "sha512-/d9sfos4yxzpwkDkuN7k2SqFKtYNmCTzgfEpz82x34IM9/zc8KGxQoXg1liNC/izpRM/MBdt44Nmx41ZWqk+FQ=="
    },
    "fetch-blob": {
      "version": "3.2.0",
      "resolved": "https://registry.npmjs.org/fetch-blob/-/fetch-blob-3.2.0.tgz",
      "integrity": "sha512-7yAQpD2UMJzLi1Dqv7qFYnPbaPx7ZfFK6PiIxQ4PfkGPyNyl2Ugx+a/umUonmKqjhM4DnfbMvdX6otXq83soQQ==",
      "requires": {
        "node-domexception": "^1.0.0",
        "web-streams-polyfill": "^3.0.3"
      }
    },
    "formdata-polyfill": {
      "version": "4.0.10",
      "resolved": "https://registry.npmjs.org/formdata-polyfill/-/formdata-polyfill-4.0.10.tgz",
      "integrity": "sha512-buewHzMvYL29jdeQTVILecSaZKnt/RJWjoZCF5OW60Z67/GmSLBkOFM7qh1PI3zFNtJbaZL5eQu1vLfazOwj4g==",
      "requires": {
        "fetch-blob": "^3.1.2"
      }
    },
    "get-browser-rtc": {
      "version": "1.1.0",
      "resolved": "https://registry.npmjs.org/get-browser-rtc/-/get-browser-rtc-1.1.0.tgz",
      "integrity": "sha512-MghbMJ61EJrRsDe7w1Bvqt3ZsBuqhce5nrn/XAwgwOXhcsz53/ltdxOse1h/8eKXj5slzxdsz56g5rzOFSGwfQ=="
    },
    "inherits": {
      "version": "2.0.4",
      "resolved": "https://registry.npmjs.org/inherits/-/inherits-2.0.4.tgz",
      "integrity": "sha512-k/vGaX4/Yla3WzyMCvTQOXYeIHvqOKtnqBduzTHpzpQZzAskKMhZ2K+EnBiSM9zGSoIFeMpXKxa4dYeZIQqewQ=="
    },
    "ip": {
      "version": "1.1.9",
      "resolved": "https://registry.npmjs.org/ip/-/ip-1.1.9.tgz",
      "integrity": "sha512-cyRxvOEpNHNtchU3Ln9KC/auJgup87llfQpQ+t5ghoC/UhL16SWzbueiCsdTnWmqAWl7LadfuwhlqmtOaqMHdQ=="
    },
    "ip-address": {
      "version": "9.0.5",
      "resolved": "https://registry.npmjs.org/ip-address/-/ip-address-9.0.5.tgz",
      "integrity": "sha512-zHtQzGojZXTwZTHQqra+ETKd4Sn3vgi7uBmlPoXVWZqYvuKmtI0l/VZTjqGmJY9x88GGOaZ9+G9ES8hC4T4X8g==",
      "requires": {
        "jsbn": "1.1.0",
        "sprintf-js": "^1.1.3"
      }
    },
    "ipaddr.js": {
      "version": "2.2.0",
      "resolved": "https://registry.npmjs.org/ipaddr.js/-/ipaddr.js-2.2.0.tgz",
      "integrity": "sha512-Ag3wB2o37wslZS19hZqorUnrnzSkpOVy+IiiDEiTqNubEYpYuHWIf6K4psgN2ZWKExS4xhVCrRVfb/wfW8fWJA=="
    },
    "jsbn": {
      "version": "1.1.0",
      "resolved": "https://registry.npmjs.org/jsbn/-/jsbn-1.1.0.tgz",
      "integrity": "sha512-4bYVV3aAMtDTTu4+xsDYa6sy9GyJ69/amsu9sYF2zqjiEoZA5xJi3BrfX3uY+/IekIu7MwdObdbDWpoZdBv3/A=="
    },
    "lodash": {
      "version": "4.17.21",
      "resolved": "https://registry.npmjs.org/lodash/-/lodash-4.17.21.tgz",
      "integrity": "sha512-v2kDEe57lecTulaDIuNTPy3Ry4gLGJ6Z1O3vE1krgXZNrsQ+LFTGHVxVjcXPs17LhbZVGedAJv8XZ1tvj5FvSg=="
    },
    "lru": {
      "version": "3.1.0",
      "resolved": "https://registry.npmjs.org/lru/-/lru-3.1.0.tgz",
      "integrity": "sha512-5OUtoiVIGU4VXBOshidmtOsvBIvcQR6FD/RzWSvaeHyxCGB+PCUCu+52lqMfdc0h/2CLvHhZS4TwUmMQrrMbBQ==",
      "requires": {
        "inherits": "^2.0.1"
      }
    },
    "minimist": {
      "version": "1.2.8",
      "resolved": "https://registry.npmjs.org/minimist/-/minimist-1.2.8.tgz",
      "integrity": "sha512-2yyAR8qBkN3YuheJanUpWC5U3bb5osDywNB8RzDVlDwDHbocAJveqqj1u8+SVD7jkWT4yvsHCpWqqWqAxb0zCA=="
    },
    "ms": {
      "version": "2.1.2",
      "resolved": "https://registry.npmjs.org/ms/-/ms-2.1.2.tgz",
      "integrity": "sha512-sGkPx+VjMtmA6MX27oA4FBFELFCZZ4S4XqeGOXCv68tT+jb3vk/RyaKWP0PTKyWtmLSM0b+adUTEvbs1PEaH2w=="
    },
    "node-domexception": {
      "version": "1.0.0",
      "resolved": "https://registry.npmjs.org/node-domexception/-/node-domexception-1.0.0.tgz",
      "integrity": "sha512-/jKZoMpw0F8GRwl4/eLROPA3cfcXtLApP0QzLmUT/HuPCZWyB7IY9ZrMeKw2O/nFIqPQB3PVM9aYm0F312AXDQ=="
    },
    "node-fetch": {
      "version": "3.3.2",
      "resolved": "https://registry.npmjs.org/node-fetch/-/node-fetch-3.3.2.tgz",
      "integrity": "sha512-dRB78srN/l6gqWulah9SrxeYnxeddIG30+GOqK/9OlLVyLg3HPnr6SqOWTWOXKRwC2eGYCkZ59NNuSgvSrpgOA==",
      "requires": {
        "data-uri-to-buffer": "^4.0.0",
        "fetch-blob": "^3.1.4",
        "formdata-polyfill": "^4.0.10"
      }
    },
    "node-gyp-build": {
      "version": "4.8.1",
      "resolved": "https://registry.npmjs.org/node-gyp-build/-/node-gyp-build-4.8.1.tgz",
      "integrity": "sha512-OSs33Z9yWr148JZcbZd5WiAXhh/n9z8TxQcdMhIOlpN9AhWpLfvVFO73+m77bBABQMaY9XSvIa+qk0jlI7Gcaw==",
      "optional": true
    },
    "once": {
      "version": "1.4.0",
      "resolved": "https://registry.npmjs.org/once/-/once-1.4.0.tgz",
      "integrity": "sha512-lNaJgI+2Q5URQBkccEKHTQOPaXdUxnZZElQTZY0MFUAuaEqe1E+Nyvgdz/aIyNi6Z9MzO5dv1H8n58/GELp3+w==",
      "requires": {
        "wrappy": "1"
      }
    },
    "queue-microtask": {
      "version": "1.2.3",
      "resolved": "https://registry.npmjs.org/queue-microtask/-/queue-microtask-1.2.3.tgz",
      "integrity": "sha512-NuaNSa6flKT5JaSYQzJok04JzTL1CA6aGhv5rfLW3PgqA+M2ChpZQnAC8h8i4ZFkBS8X5RqkDBHA7r4hej3K9A=="
    },
    "queue-tick": {
      "version": "1.0.1",
      "resolved": "https://registry.npmjs.org/queue-tick/-/queue-tick-1.0.1.tgz",
      "integrity": "sha512-kJt5qhMxoszgU/62PLP1CJytzd2NKetjSRnyuj31fDd3Rlcz3fzlFdFLD1SItunPwyqEOkca6GbV612BWfaBag=="
    },
    "random-iterate": {
      "version": "1.0.1",
      "resolved": "https://registry.npmjs.org/random-iterate/-/random-iterate-1.0.1.tgz",
      "integrity": "sha512-Jdsdnezu913Ot8qgKgSgs63XkAjEsnMcS1z+cC6D6TNXsUXsMxy0RpclF2pzGZTEiTXL9BiArdGTEexcv4nqcA=="
    },
    "run-parallel": {
      "version": "1.2.0",
      "resolved": "https://registry.npmjs.org/run-parallel/-/run-parallel-1.2.0.tgz",
      "integrity": "sha512-5l4VyZR86LZ/lDxZTR6jqL8AFE2S0IFLMP26AbjsLVADxHdhB/c0GUsH+y39UfCi3dzz8OlQuPmnaJOMoDHQBA==",
      "requires": {
        "queue-microtask": "^1.2.2"
      }
    },
    "run-series": {
      "version": "1.1.9",
      "resolved": "https://registry.npmjs.org/run-series/-/run-series-1.1.9.tgz",
      "integrity": "sha512-Arc4hUN896vjkqCYrUXquBFtRZdv1PfLbTYP71efP6butxyQ0kWpiNJyAgsxscmQg1cqvHY32/UCBzXedTpU2g=="
    },
    "smart-buffer": {
      "version": "4.2.0",
      "resolved": "https://registry.npmjs.org/smart-buffer/-/smart-buffer-4.2.0.tgz",
      "integrity": "sha512-94hK0Hh8rPqQl2xXc3HsaBoOXKV20MToPkcXvwbISWLEs+64sBq5kFgn2kJDHb1Pry9yrP0dxrCI9RRci7RXKg=="
    },
    "socks": {
      "version": "2.8.3",
      "resolved": "https://registry.npmjs.org/socks/-/socks-2.8.3.tgz",
      "integrity": "sha512-l5x7VUUWbjVFbafGLxPWkYsHIhEvmF85tbIeFZWc8ZPtoMyybuEhL7Jye/ooC4/d48FgOjSJXgsF/AJPYCW8Zw==",
      "requires": {
        "ip-address": "^9.0.5",
        "smart-buffer": "^4.2.0"
      }
    },
    "sprintf-js": {
      "version": "1.1.3",
      "resolved": "https://registry.npmjs.org/sprintf-js/-/sprintf-js-1.1.3.tgz",
      "integrity": "sha512-Oo+0REFV59/rz3gfJNKQiBlwfHaSESl1pcGyABQsnnIfWOFt6JNj5gCog2U6MLZ//IGYD+nA8nI+mTShREReaA=="
    },
    "streamx": {
      "version": "2.16.1",
      "resolved": "https://registry.npmjs.org/streamx/-/streamx-2.16.1.tgz",
      "integrity": "sha512-m9QYj6WygWyWa3H1YY69amr4nVgy61xfjys7xO7kviL5rfIEc2naf+ewFiOA+aEJD7y0JO3h2GoiUv4TDwEGzQ==",
      "requires": {
        "bare-events": "^2.2.0",
        "fast-fifo": "^1.1.0",
        "queue-tick": "^1.0.1"
      }
    },
    "string2compact": {
      "version": "2.0.1",
      "resolved": "https://registry.npmjs.org/string2compact/-/string2compact-2.0.1.tgz",
      "integrity": "sha512-Bm/T8lHMTRXw+u83LE+OW7fXmC/wM+Mbccfdo533ajSBNxddDHlRrvxE49NdciGHgXkUQM5WYskJ7uTkbBUI0A==",
      "requires": {
        "addr-to-ip-port": "^2.0.0",
        "ipaddr.js": "^2.0.0"
      }
    },
    "transmission": {
      "version": "0.4.10",
      "resolved": "https://registry.npmjs.org/transmission/-/transmission-0.4.10.tgz",
      "integrity": "sha512-GXss/sNTuHqgvy7TTE3soF8wuS8BzqZO3HV3mc61tg7vVT5u5Gr5kja82QF23GfGeZjdzFUeJGwJrEHU1DWq8Q==",
      "requires": {
        "async": "^2.1.4",
        "yargs": "^1.3.3"
      }
    },
    "typescript": {
      "version": "5.4.5",
      "resolved": "https://registry.npmjs.org/typescript/-/typescript-5.4.5.tgz",
      "integrity": "sha512-vcI4UpRgg81oIRUFwR0WSIHKt11nJ7SAVlYNIu+QpqeyXP+gpQJy/Z4+F0aGxSE4MqwjyXvW/TzgkLAx2AGHwQ==",
      "dev": true
    },
    "uint8-util": {
      "version": "2.2.4",
      "resolved": "https://registry.npmjs.org/uint8-util/-/uint8-util-2.2.4.tgz",
      "integrity": "sha512-uEI5lLozmKQPYEevfEhP9LY3Je5ZmrQhaWXrzTVqrLNQl36xsRh8NiAxYwB9J+2BAt99TRbmCkROQB2ZKhx4UA==",
      "requires": {
        "base64-arraybuffer": "^1.0.2"
      }
    },
    "undici-types": {
      "version": "5.26.5",
      "resolved": "https://registry.npmjs.org/undici-types/-/undici-types-5.26.5.tgz",
      "integrity": "sha512-JlCMO+ehdEIKqlFxk6IfVoAUVmgz7cU7zD/h9XZ0qzeosSHmUJVOzSQvvYSYWXkFXC+IfLKSIffhv0sVZup6pA==",
      "dev": true
    },
    "unordered-array-remove": {
      "version": "1.0.2",
      "resolved": "https://registry.npmjs.org/unordered-array-remove/-/unordered-array-remove-1.0.2.tgz",
      "integrity": "sha512-45YsfD6svkgaCBNyvD+dFHm4qFX9g3wRSIVgWVPtm2OCnphvPxzJoe20ATsiNpNJrmzHifnxm+BN5F7gFT/4gw=="
    },
    "utf-8-validate": {
      "version": "5.0.10",
      "resolved": "https://registry.npmjs.org/utf-8-validate/-/utf-8-validate-5.0.10.tgz",
      "integrity": "sha512-Z6czzLq4u8fPOyx7TU6X3dvUZVvoJmxSQ+IcrlmagKhilxlhZgxPK6C5Jqbkw1IDUmFTM+cz9QDnnLTwDz/2gQ==",
      "optional": true,
      "requires": {
        "node-gyp-build": "^4.3.0"
      }
    },
    "web-streams-polyfill": {
      "version": "3.3.3",
      "resolved": "https://registry.npmjs.org/web-streams-polyfill/-/web-streams-polyfill-3.3.3.tgz",
      "integrity": "sha512-d2JWLCivmZYTSIoge9MsgFCZrt571BikcWGYkjC1khllbTeDlGqZ2D8vD8E/lJa8WGWbb7Plm8/XJYV7IJHZZw=="
    },
    "wrappy": {
      "version": "1.0.2",
      "resolved": "https://registry.npmjs.org/wrappy/-/wrappy-1.0.2.tgz",
      "integrity": "sha512-l4Sp/DRseor9wL6EvV2+TuQn63dMkPjZ/sp9XkghTEbV9KlPS1xUsZ3u7/IQO4wxtcFB4bgpQPRcR3QCvezPcQ=="
    },
    "ws": {
      "version": "8.17.0",
      "resolved": "https://registry.npmjs.org/ws/-/ws-8.17.0.tgz",
      "integrity": "sha512-uJq6108EgZMAl20KagGkzCKfMEjxmKvZHG7Tlq0Z6nOky7YF7aq4mOx6xK8TJ/i1LeK4Qus7INktacctDgY8Ow==",
      "requires": {}
    },
    "yaml": {
      "version": "2.4.1",
      "resolved": "https://registry.npmjs.org/yaml/-/yaml-2.4.1.tgz",
      "integrity": "sha512-pIXzoImaqmfOrL7teGUBt/T7ZDnyeGBWyXQBvOVhLkWLN37GXv8NMLK406UY6dS51JfcQHsmcW5cJ441bHg6Lg=="
    },
    "yargs": {
      "version": "1.3.3",
      "resolved": "https://registry.npmjs.org/yargs/-/yargs-1.3.3.tgz",
      "integrity": "sha512-7OGt4xXoWJQh5ulgZ78rKaqY7dNWbjfK+UKxGcIlaM2j7C4fqGchyv8CPvEWdRPrHp6Ula/YU8yGRpYGOHrI+g=="
    }
  }
}
